
Microsoft Visual Studio Solution File, Format Version 12.00
# Visual Studio Version 16
VisualStudioVersion = 16.0.30225.117
MinimumVisualStudioVersion = 10.0.40219.1
Project("{FAE04EC0-301F-11D3-BF4B-00C04F79EFBC}") = "Codenza", "Codenza\Codenza.csproj", "{27496AB2-AE21-45AD-8819-382C04605AF5}"
EndProject
Global
	GlobalSection(SolutionConfigurationPlatforms) = preSolution
		Debug|Any CPU = Debug|Any CPU
		Release|Any CPU = Release|Any CPU
	EndGlobalSection
	GlobalSection(ProjectConfigurationPlatforms) = postSolution
		{27496AB2-AE21-45AD-8819-382C04605AF5}.Debug|Any CPU.ActiveCfg = Debug|Any CPU
		{27496AB2-AE21-45AD-8819-382C04605AF5}.Debug|Any CPU.Build.0 = Debug|Any CPU
		{27496AB2-AE21-45AD-8819-382C04605AF5}.Release|Any CPU.ActiveCfg = Release|Any CPU
		{27496AB2-AE21-45AD-8819-382C04605AF5}.Release|Any CPU.Build.0 = Release|Any CPU
	EndGlobalSection
	GlobalSection(SolutionProperties) = preSolution
		HideSolutionNode = FALSE
	EndGlobalSection
	GlobalSection(ExtensibilityGlobals) = postSolution
		SolutionGuid = {AAFD8D15-E2A5-4CC1-AF93-2E9A02420BAD}
	EndGlobalSection
EndGlobal
